
Microsoft Visual Studio Solution File, Format Version 12.00
# Visual Studio Version 17
VisualStudioVersion = 17.7.34031.279
MinimumVisualStudioVersion = 10.0.40219.1
Project("{FAE04EC0-301F-11D3-BF4B-00C04F79EFBC}") = "GeographicObject", "ConsoleApp2\GeographicObject.csproj", "{E57DA52A-0109-4D1E-846F-773AEA65DE76}"
EndProject
Project("{FAE04EC0-301F-11D3-BF4B-00C04F79EFBC}") = "Geographic2", "Geographic2\Geographic2.csproj", "{F13E064D-2C3E-4B0B-AD9A-E9A922000018}"
EndProject
Global
	GlobalSection(SolutionConfigurationPlatforms) = preSolution
		Debug|Any CPU = Debug|Any CPU
		Release|Any CPU = Release|Any CPU
	EndGlobalSection
	GlobalSection(ProjectConfigurationPlatforms) = postSolution
		{E57DA52A-0109-4D1E-846F-773AEA65DE76}.Debug|Any CPU.ActiveCfg = Debug|Any CPU
		{E57DA52A-0109-4D1E-846F-773AEA65DE76}.Debug|Any CPU.Build.0 = Debug|Any CPU
		{E57DA52A-0109-4D1E-846F-773AEA65DE76}.Release|Any CPU.ActiveCfg = Release|Any CPU
		{E57DA52A-0109-4D1E-846F-773AEA65DE76}.Release|Any CPU.Build.0 = Release|Any CPU
		{F13E064D-2C3E-4B0B-AD9A-E9A922000018}.Debug|Any CPU.ActiveCfg = Debug|Any CPU
		{F13E064D-2C3E-4B0B-AD9A-E9A922000018}.Debug|Any CPU.Build.0 = Debug|Any CPU
		{F13E064D-2C3E-4B0B-AD9A-E9A922000018}.Release|Any CPU.ActiveCfg = Release|Any CPU
		{F13E064D-2C3E-4B0B-AD9A-E9A922000018}.Release|Any CPU.Build.0 = Release|Any CPU
	EndGlobalSection
	GlobalSection(SolutionProperties) = preSolution
		HideSolutionNode = FALSE
	EndGlobalSection
	GlobalSection(ExtensibilityGlobals) = postSolution
		SolutionGuid = {42BF2FEF-9ECF-4D91-A33E-FFCAC6C2AEED}
	EndGlobalSection
EndGlobal
